
Microsoft Visual Studio Solution File, Format Version 12.00
# Visual Studio Version 17
VisualStudioVersion = 17.8.34511.84
MinimumVisualStudioVersion = 10.0.40219.1
Project("{FAE04EC0-301F-11D3-BF4B-00C04F79EFBC}") = "EnumsAndCollectionsExercise01", "EnumsAndCollectionsExercise01\EnumsAndCollectionsExercise01.csproj", "{11918CE3-3E44-4264-922B-56C03EA3949B}"
EndProject
Global
	GlobalSection(SolutionConfigurationPlatforms) = preSolution
		Debug|Any CPU = Debug|Any CPU
		Release|Any CPU = Release|Any CPU
	EndGlobalSection
	GlobalSection(ProjectConfigurationPlatforms) = postSolution
		{11918CE3-3E44-4264-922B-56C03EA3949B}.Debug|Any CPU.ActiveCfg = Debug|Any CPU
		{11918CE3-3E44-4264-922B-56C03EA3949B}.Debug|Any CPU.Build.0 = Debug|Any CPU
		{11918CE3-3E44-4264-922B-56C03EA3949B}.Release|Any CPU.ActiveCfg = Release|Any CPU
		{11918CE3-3E44-4264-922B-56C03EA3949B}.Release|Any CPU.Build.0 = Release|Any CPU
	EndGlobalSection
	GlobalSection(SolutionProperties) = preSolution
		HideSolutionNode = FALSE
	EndGlobalSection
	GlobalSection(ExtensibilityGlobals) = postSolution
		SolutionGuid = {EFB750B2-2A20-4C5B-87D3-C896B8DF1A02}
	EndGlobalSection
EndGlobal
